
Microsoft Visual Studio Solution File, Format Version 12.00
# Visual Studio Version 17
VisualStudioVersion = 17.2.32616.157
MinimumVisualStudioVersion = 10.0.40219.1
Project("{FAE04EC0-301F-11D3-BF4B-00C04F79EFBC}") = "Veri_Tabanli_Parti_Seçim_Grafik_İstatistik", "Veri_Tabanli_Parti_Seçim_Grafik_İstatistik\Veri_Tabanli_Parti_Seçim_Grafik_İstatistik.csproj", "{9762ADDE-DED4-4E96-8189-37BE4244F7F4}"
EndProject
Global
	GlobalSection(SolutionConfigurationPlatforms) = preSolution
		Debug|Any CPU = Debug|Any CPU
		Release|Any CPU = Release|Any CPU
	EndGlobalSection
	GlobalSection(ProjectConfigurationPlatforms) = postSolution
		{9762ADDE-DED4-4E96-8189-37BE4244F7F4}.Debug|Any CPU.ActiveCfg = Debug|Any CPU
		{9762ADDE-DED4-4E96-8189-37BE4244F7F4}.Debug|Any CPU.Build.0 = Debug|Any CPU
		{9762ADDE-DED4-4E96-8189-37BE4244F7F4}.Release|Any CPU.ActiveCfg = Release|Any CPU
		{9762ADDE-DED4-4E96-8189-37BE4244F7F4}.Release|Any CPU.Build.0 = Release|Any CPU
	EndGlobalSection
	GlobalSection(SolutionProperties) = preSolution
		HideSolutionNode = FALSE
	EndGlobalSection
	GlobalSection(ExtensibilityGlobals) = postSolution
		SolutionGuid = {18211E66-BC7A-4F04-834E-D50840AEB079}
	EndGlobalSection
EndGlobal
